
Microsoft Visual Studio Solution File, Format Version 12.00
# Visual Studio Version 17
VisualStudioVersion = 17.13.35825.156 d17.13
MinimumVisualStudioVersion = 10.0.40219.1
Project("{FAE04EC0-301F-11D3-BF4B-00C04F79EFBC}") = "LinkedListLab", "LinkedListLab.csproj", "{53FCCF75-19A2-408F-8B8D-1A73E62641E8}"
EndProject
Project("{FAE04EC0-301F-11D3-BF4B-00C04F79EFBC}") = "LinkedListLab.Tests", "..\LinkedListLab.Tests\LinkedListLab.Tests.csproj", "{26832DD0-D1FD-4414-9BA5-9B1EA65F789B}"
EndProject
Global
	GlobalSection(SolutionConfigurationPlatforms) = preSolution
		Debug|Any CPU = Debug|Any CPU
		Release|Any CPU = Release|Any CPU
	EndGlobalSection
	GlobalSection(ProjectConfigurationPlatforms) = postSolution
		{53FCCF75-19A2-408F-8B8D-1A73E62641E8}.Debug|Any CPU.ActiveCfg = Debug|Any CPU
		{53FCCF75-19A2-408F-8B8D-1A73E62641E8}.Debug|Any CPU.Build.0 = Debug|Any CPU
		{53FCCF75-19A2-408F-8B8D-1A73E62641E8}.Release|Any CPU.ActiveCfg = Release|Any CPU
		{53FCCF75-19A2-408F-8B8D-1A73E62641E8}.Release|Any CPU.Build.0 = Release|Any CPU
		{26832DD0-D1FD-4414-9BA5-9B1EA65F789B}.Debug|Any CPU.ActiveCfg = Debug|Any CPU
		{26832DD0-D1FD-4414-9BA5-9B1EA65F789B}.Debug|Any CPU.Build.0 = Debug|Any CPU
		{26832DD0-D1FD-4414-9BA5-9B1EA65F789B}.Release|Any CPU.ActiveCfg = Release|Any CPU
		{26832DD0-D1FD-4414-9BA5-9B1EA65F789B}.Release|Any CPU.Build.0 = Release|Any CPU
	EndGlobalSection
	GlobalSection(SolutionProperties) = preSolution
		HideSolutionNode = FALSE
	EndGlobalSection
	GlobalSection(ExtensibilityGlobals) = postSolution
		SolutionGuid = {1DD1443E-624C-4963-8BEB-04A25CA8C01C}
	EndGlobalSection
EndGlobal
